# This file is automatically @generated by Cargo.
# It is not intended for manual editing.
version = 4

[[package]]
name = "kura-cli"
version = "0.1.0"
dependencies = [
 "kura-core",
]

[[package]]
name = "kura-core"
version = "0.1.0"

[[package]]
name = "kura-ffi"
version = "0.1.0"
dependencies = [
 "kura-core",
]
